
Microsoft Visual Studio Solution File, Format Version 12.00
# Visual Studio Version 16
VisualStudioVersion = 16.0.30330.147
MinimumVisualStudioVersion = 10.0.40219.1
Project("{FAE04EC0-301F-11D3-BF4B-00C04F79EFBC}") = "Project", "Project\Project.csproj", "{A55514FF-950F-47FF-A23D-3373ACEFE21B}"
EndProject
Project("{FAE04EC0-301F-11D3-BF4B-00C04F79EFBC}") = "Project.Tests", "Project.Tests\Project.Tests.csproj", "{784C9C01-024E-4AC1-BA3D-AD6224B75D34}"
EndProject
Global
	GlobalSection(SolutionConfigurationPlatforms) = preSolution
		Debug|Any CPU = Debug|Any CPU
		Release|Any CPU = Release|Any CPU
	EndGlobalSection
	GlobalSection(ProjectConfigurationPlatforms) = postSolution
		{A55514FF-950F-47FF-A23D-3373ACEFE21B}.Debug|Any CPU.ActiveCfg = Debug|Any CPU
		{A55514FF-950F-47FF-A23D-3373ACEFE21B}.Debug|Any CPU.Build.0 = Debug|Any CPU
		{A55514FF-950F-47FF-A23D-3373ACEFE21B}.Release|Any CPU.ActiveCfg = Release|Any CPU
		{A55514FF-950F-47FF-A23D-3373ACEFE21B}.Release|Any CPU.Build.0 = Release|Any CPU
		{784C9C01-024E-4AC1-BA3D-AD6224B75D34}.Debug|Any CPU.ActiveCfg = Debug|Any CPU
		{784C9C01-024E-4AC1-BA3D-AD6224B75D34}.Debug|Any CPU.Build.0 = Debug|Any CPU
		{784C9C01-024E-4AC1-BA3D-AD6224B75D34}.Release|Any CPU.ActiveCfg = Release|Any CPU
		{784C9C01-024E-4AC1-BA3D-AD6224B75D34}.Release|Any CPU.Build.0 = Release|Any CPU
	EndGlobalSection
	GlobalSection(SolutionProperties) = preSolution
		HideSolutionNode = FALSE
	EndGlobalSection
	GlobalSection(ExtensibilityGlobals) = postSolution
		SolutionGuid = {61F60687-A8D1-4E4F-BCF4-EC9BDAF5BFBD}
	EndGlobalSection
EndGlobal
